
Microsoft Visual Studio Solution File, Format Version 12.00
# Visual Studio Version 17
VisualStudioVersion = 17.1.32228.430
MinimumVisualStudioVersion = 10.0.40219.1
Project("{9A19103F-16F7-4668-BE54-9A1E7A4F7556}") = "CDSP-API", "CDSP-API\CDSP-API.csproj", "{70714FCA-1C41-4ECF-90D3-9C9B8FCBC6D5}"
EndProject
Global
	GlobalSection(SolutionConfigurationPlatforms) = preSolution
		Debug|Any CPU = Debug|Any CPU
		Release|Any CPU = Release|Any CPU
	EndGlobalSection
	GlobalSection(ProjectConfigurationPlatforms) = postSolution
		{70714FCA-1C41-4ECF-90D3-9C9B8FCBC6D5}.Debug|Any CPU.ActiveCfg = Debug|Any CPU
		{70714FCA-1C41-4ECF-90D3-9C9B8FCBC6D5}.Debug|Any CPU.Build.0 = Debug|Any CPU
		{70714FCA-1C41-4ECF-90D3-9C9B8FCBC6D5}.Release|Any CPU.ActiveCfg = Release|Any CPU
		{70714FCA-1C41-4ECF-90D3-9C9B8FCBC6D5}.Release|Any CPU.Build.0 = Release|Any CPU
	EndGlobalSection
	GlobalSection(SolutionProperties) = preSolution
		HideSolutionNode = FALSE
	EndGlobalSection
	GlobalSection(ExtensibilityGlobals) = postSolution
		SolutionGuid = {99E23C02-218E-49BE-830A-85AB1A117E6A}
	EndGlobalSection
EndGlobal
